
Microsoft Visual Studio Solution File, Format Version 12.00
# Visual Studio Version 17
VisualStudioVersion = 17.1.32210.238
MinimumVisualStudioVersion = 10.0.40219.1
Project("{FAE04EC0-301F-11D3-BF4B-00C04F79EFBC}") = "DevTeams_Challenge_Console", "DevTeams_Challenge_Console\DevTeams_Challenge_Console.csproj", "{D76D2D13-8689-4F95-B8CC-E9B65E32F716}"
EndProject
Project("{FAE04EC0-301F-11D3-BF4B-00C04F79EFBC}") = "DevTeams_Challenge_Repository", "DevTeams_Challenge_Repository\DevTeams_Challenge_Repository.csproj", "{AD3CC3E3-8FD2-4229-B18B-30BFC74C4B7A}"
EndProject
Project("{FAE04EC0-301F-11D3-BF4B-00C04F79EFBC}") = "DevTeams_Tests", "DevTeams_Tests\DevTeams_Tests.csproj", "{D770428C-BFAB-4456-8A92-FED97B0C872F}"
EndProject
Project("{FAE04EC0-301F-11D3-BF4B-00C04F79EFBC}") = "DevTeamTest2", "DevTeamTest2\DevTeamTest2.csproj", "{2114A455-379B-489B-BDD3-55CF40DA2902}"
EndProject
Global
	GlobalSection(SolutionConfigurationPlatforms) = preSolution
		Debug|Any CPU = Debug|Any CPU
		Release|Any CPU = Release|Any CPU
	EndGlobalSection
	GlobalSection(ProjectConfigurationPlatforms) = postSolution
		{D76D2D13-8689-4F95-B8CC-E9B65E32F716}.Debug|Any CPU.ActiveCfg = Debug|Any CPU
		{D76D2D13-8689-4F95-B8CC-E9B65E32F716}.Debug|Any CPU.Build.0 = Debug|Any CPU
		{D76D2D13-8689-4F95-B8CC-E9B65E32F716}.Release|Any CPU.ActiveCfg = Release|Any CPU
		{D76D2D13-8689-4F95-B8CC-E9B65E32F716}.Release|Any CPU.Build.0 = Release|Any CPU
		{AD3CC3E3-8FD2-4229-B18B-30BFC74C4B7A}.Debug|Any CPU.ActiveCfg = Debug|Any CPU
		{AD3CC3E3-8FD2-4229-B18B-30BFC74C4B7A}.Debug|Any CPU.Build.0 = Debug|Any CPU
		{AD3CC3E3-8FD2-4229-B18B-30BFC74C4B7A}.Release|Any CPU.ActiveCfg = Release|Any CPU
		{AD3CC3E3-8FD2-4229-B18B-30BFC74C4B7A}.Release|Any CPU.Build.0 = Release|Any CPU
		{D770428C-BFAB-4456-8A92-FED97B0C872F}.Debug|Any CPU.ActiveCfg = Debug|Any CPU
		{D770428C-BFAB-4456-8A92-FED97B0C872F}.Debug|Any CPU.Build.0 = Debug|Any CPU
		{D770428C-BFAB-4456-8A92-FED97B0C872F}.Release|Any CPU.ActiveCfg = Release|Any CPU
		{D770428C-BFAB-4456-8A92-FED97B0C872F}.Release|Any CPU.Build.0 = Release|Any CPU
		{2114A455-379B-489B-BDD3-55CF40DA2902}.Debug|Any CPU.ActiveCfg = Debug|Any CPU
		{2114A455-379B-489B-BDD3-55CF40DA2902}.Debug|Any CPU.Build.0 = Debug|Any CPU
		{2114A455-379B-489B-BDD3-55CF40DA2902}.Release|Any CPU.ActiveCfg = Release|Any CPU
		{2114A455-379B-489B-BDD3-55CF40DA2902}.Release|Any CPU.Build.0 = Release|Any CPU
	EndGlobalSection
	GlobalSection(SolutionProperties) = preSolution
		HideSolutionNode = FALSE
	EndGlobalSection
	GlobalSection(ExtensibilityGlobals) = postSolution
		SolutionGuid = {FE63E00E-0811-46B9-AF24-0B52B171559C}
	EndGlobalSection
EndGlobal
